<?xml version="1.0" encoding="UTF-8" standalone="yes" ?>
<CodeBlocks_project_file>
	<FileVersion major="1" minor="6" />
	<Project>
		<Option title="EvacSim" />
		<Option pch_mode="2" />
		<Option compiler="gcc" />
		<Build>
			<Target title="Debug">
				<Option output="bin/Debug/EvacSim" prefix_auto="1" extension_auto="1" />
				<Option object_output="obj/Debug/" />
				<Option type="1" />
				<Option compiler="gcc" />
				<Compiler>
					<Add option="-g" />
					<Add directory="include" />
				</Compiler>
			</Target>
			<Target title="Release">
				<Option output="bin/Release/EvacSim" prefix_auto="1" extension_auto="1" />
				<Option object_output="obj/Release/" />
				<Option type="1" />
				<Option compiler="gcc" />
				<Compiler>
					<Add option="-O2" />
					<Add directory="include" />
				</Compiler>
				<Linker>
					<Add option="-s" />
				</Linker>
			</Target>
		</Build>
		<Compiler>
			<Add option="-pedantic" />
			<Add option="-Wextra" />
			<Add option="-Wall" />
			<Add option="-m32" />
			<Add option="-std=gnu++11" />
			<Add directory="include" />
			<Add directory="../dependencies/include" />
		</Compiler>
		<Linker>
			<Add option="-m32" />
			<Add option="-lmingw32 -lSDL2main -lSDL2" />
			<Add library="sdl2_image" />
			<Add library="sdl2main" />
			<Add library="sdl2" />
			<Add library="glu32" />
			<Add library="opengl32" />
			<Add library="freetype" />
			<Add library="box2d" />
			<Add directory="../dependencies/lib" />
			<Add directory="../dependencies/dll" />
		</Linker>
		<Unit filename="include/Actor.h" />
		<Unit filename="include/Boundary.h" />
		<Unit filename="include/Building.h" />
		<Unit filename="include/Camera.h" />
		<Unit filename="include/CommunicationBridge.h" />
		<Unit filename="include/ContactListener.h" />
		<Unit filename="include/Cursor.h" />
		<Unit filename="include/Events.h" />
		<Unit filename="include/Exit.h" />
		<Unit filename="include/FreeType.h" />
		<Unit filename="include/Game.h" />
		<Unit filename="include/Gauss.h" />
		<Unit filename="include/Image.h" />
		<Unit filename="include/Mmath.h" />
		<Unit filename="include/Object.h" />
		<Unit filename="include/ObjectsContainer.h" />
		<Unit filename="include/PolygonGenerator.h" />
		<Unit filename="include/Renderer.h" />
		<Unit filename="include/Room.h" />
		<Unit filename="include/Sector.h" />
		<Unit filename="include/Sensor.h" />
		<Unit filename="include/Wall.h" />
		<Unit filename="include/World.h" />
		<Unit filename="main.cpp" />
		<Unit filename="src/Actor.cpp" />
		<Unit filename="src/Boundary.cpp" />
		<Unit filename="src/Building.cpp" />
		<Unit filename="src/Camera.cpp" />
		<Unit filename="src/CommunicationBridge.cpp" />
		<Unit filename="src/ContactListener.cpp" />
		<Unit filename="src/Cursor.cpp" />
		<Unit filename="src/Events.cpp" />
		<Unit filename="src/Exit.cpp" />
		<Unit filename="src/FreeType.cpp" />
		<Unit filename="src/Game.cpp" />
		<Unit filename="src/Gauss.cpp" />
		<Unit filename="src/Image.cpp" />
		<Unit filename="src/Mmath.cpp" />
		<Unit filename="src/Object.cpp" />
		<Unit filename="src/ObjectsContainer.cpp" />
		<Unit filename="src/PolygonGenerator.cpp" />
		<Unit filename="src/Renderer.cpp" />
		<Unit filename="src/Room.cpp" />
		<Unit filename="src/Sector.cpp" />
		<Unit filename="src/Sensor.cpp" />
		<Unit filename="src/Wall.cpp" />
		<Unit filename="src/World.cpp" />
		<Extensions>
			<code_completion />
			<envvars />
			<debugger />
			<lib_finder disable_auto="1" />
		</Extensions>
	</Project>
</CodeBlocks_project_file>
